dependencies:
- name: postgresql
  repository: https://charts.bitnami.com/bitnami
  version: 12.2.7
- name: redis
  repository: https://charts.bitnami.com/bitnami
  version: 17.9.3
- name: opensearch
  repository: https://opensearch-project.github.io/helm-charts/
  version: 2.11.3
digest: sha256:2b09a5ec457fa81f60223491145faf04580a7e513437ef01284dbebae7a4ca74
generated: "2023-04-18T23:29:59.411527813Z"
